
Microsoft Visual Studio Solution File, Format Version 12.00
# Visual Studio 2012
Project("{FAE04EC0-301F-11D3-BF4B-00C04F79EFBC}") = "Finiquitos", "Finiquitos\Finiquitos.csproj", "{823A805D-0E0E-4C69-9891-2D0FB922D424}"
EndProject
Global
	GlobalSection(SolutionConfigurationPlatforms) = preSolution
		Debug|Any CPU = Debug|Any CPU
		Release|Any CPU = Release|Any CPU
	EndGlobalSection
	GlobalSection(ProjectConfigurationPlatforms) = postSolution
		{823A805D-0E0E-4C69-9891-2D0FB922D424}.Debug|Any CPU.ActiveCfg = Debug|Any CPU
		{823A805D-0E0E-4C69-9891-2D0FB922D424}.Debug|Any CPU.Build.0 = Debug|Any CPU
		{823A805D-0E0E-4C69-9891-2D0FB922D424}.Release|Any CPU.ActiveCfg = Release|Any CPU
		{823A805D-0E0E-4C69-9891-2D0FB922D424}.Release|Any CPU.Build.0 = Release|Any CPU
	EndGlobalSection
	GlobalSection(SolutionProperties) = preSolution
		HideSolutionNode = FALSE
	EndGlobalSection
EndGlobal
